
Microsoft Visual Studio Solution File, Format Version 12.00
# Visual Studio Version 16
VisualStudioVersion = 16.0.31605.320
MinimumVisualStudioVersion = 10.0.40219.1
Project("{FAE04EC0-301F-11D3-BF4B-00C04F79EFBC}") = "MVCProject", "MVCProject.csproj", "{ACD0F936-6B0A-4BDE-8963-2AC5DD5019BF}"
EndProject
Global
	GlobalSection(SolutionConfigurationPlatforms) = preSolution
		Debug|Any CPU = Debug|Any CPU
		Release|Any CPU = Release|Any CPU
	EndGlobalSection
	GlobalSection(ProjectConfigurationPlatforms) = postSolution
		{ACD0F936-6B0A-4BDE-8963-2AC5DD5019BF}.Debug|Any CPU.ActiveCfg = Debug|Any CPU
		{ACD0F936-6B0A-4BDE-8963-2AC5DD5019BF}.Debug|Any CPU.Build.0 = Debug|Any CPU
		{ACD0F936-6B0A-4BDE-8963-2AC5DD5019BF}.Release|Any CPU.ActiveCfg = Release|Any CPU
		{ACD0F936-6B0A-4BDE-8963-2AC5DD5019BF}.Release|Any CPU.Build.0 = Release|Any CPU
	EndGlobalSection
	GlobalSection(SolutionProperties) = preSolution
		HideSolutionNode = FALSE
	EndGlobalSection
	GlobalSection(ExtensibilityGlobals) = postSolution
		SolutionGuid = {C66BACFD-531B-4F54-A254-810B882C0B7F}
	EndGlobalSection
EndGlobal
